
Microsoft Visual Studio Solution File, Format Version 12.00
# Visual Studio Version 16
VisualStudioVersion = 25.0.1705.1
MinimumVisualStudioVersion = 10.0.40219.1
Project("{FAE04EC0-301F-11D3-BF4B-00C04F79EFBC}") = "CalculadoraIMC", "CalculadoraIMC\CalculadoraIMC.csproj", "{9B94A208-7EF3-4A52-A64D-0483183621CF}"
EndProject
Project("{FAE04EC0-301F-11D3-BF4B-00C04F79EFBC}") = "TestexUnitCalculadora", "TestexUnitCalculadora\TestexUnitCalculadora.csproj", "{A9BC7AC3-D7D1-4446-BDB6-F6B198F6D73C}"
EndProject
Project("{FAE04EC0-301F-11D3-BF4B-00C04F79EFBC}") = "TesteMstCalculadora", "TesteMstCalculadora\TesteMstCalculadora.csproj", "{F59B8DA5-467E-44A0-B692-000805825D1D}"
EndProject
Global
	GlobalSection(SolutionConfigurationPlatforms) = preSolution
		Debug|Any CPU = Debug|Any CPU
		Release|Any CPU = Release|Any CPU
	EndGlobalSection
	GlobalSection(ProjectConfigurationPlatforms) = postSolution
		{9B94A208-7EF3-4A52-A64D-0483183621CF}.Debug|Any CPU.ActiveCfg = Debug|Any CPU
		{9B94A208-7EF3-4A52-A64D-0483183621CF}.Debug|Any CPU.Build.0 = Debug|Any CPU
		{9B94A208-7EF3-4A52-A64D-0483183621CF}.Release|Any CPU.ActiveCfg = Release|Any CPU
		{9B94A208-7EF3-4A52-A64D-0483183621CF}.Release|Any CPU.Build.0 = Release|Any CPU
		{A9BC7AC3-D7D1-4446-BDB6-F6B198F6D73C}.Debug|Any CPU.ActiveCfg = Debug|Any CPU
		{A9BC7AC3-D7D1-4446-BDB6-F6B198F6D73C}.Debug|Any CPU.Build.0 = Debug|Any CPU
		{A9BC7AC3-D7D1-4446-BDB6-F6B198F6D73C}.Release|Any CPU.ActiveCfg = Release|Any CPU
		{A9BC7AC3-D7D1-4446-BDB6-F6B198F6D73C}.Release|Any CPU.Build.0 = Release|Any CPU
		{F59B8DA5-467E-44A0-B692-000805825D1D}.Debug|Any CPU.ActiveCfg = Debug|Any CPU
		{F59B8DA5-467E-44A0-B692-000805825D1D}.Debug|Any CPU.Build.0 = Debug|Any CPU
		{F59B8DA5-467E-44A0-B692-000805825D1D}.Release|Any CPU.ActiveCfg = Release|Any CPU
		{F59B8DA5-467E-44A0-B692-000805825D1D}.Release|Any CPU.Build.0 = Release|Any CPU
	EndGlobalSection
	GlobalSection(SolutionProperties) = preSolution
		HideSolutionNode = FALSE
	EndGlobalSection
	GlobalSection(ExtensibilityGlobals) = postSolution
		SolutionGuid = {85ABEF84-65F1-45FD-98BD-7F3C22A1BDB2}
	EndGlobalSection
EndGlobal
